
Microsoft Visual Studio Solution File, Format Version 12.00
# Visual Studio Version 17
VisualStudioVersion = 17.3.32901.215
MinimumVisualStudioVersion = 10.0.40219.1
Project("{FAE04EC0-301F-11D3-BF4B-00C04F79EFBC}") = "DLLTeste3", "DLLTeste3\DLLTeste3.csproj", "{32E26F62-137C-4E42-8ED7-53CF05EF14EE}"
EndProject
Global
	GlobalSection(SolutionConfigurationPlatforms) = preSolution
		Debug|Any CPU = Debug|Any CPU
		Release|Any CPU = Release|Any CPU
	EndGlobalSection
	GlobalSection(ProjectConfigurationPlatforms) = postSolution
		{32E26F62-137C-4E42-8ED7-53CF05EF14EE}.Debug|Any CPU.ActiveCfg = Debug|Any CPU
		{32E26F62-137C-4E42-8ED7-53CF05EF14EE}.Debug|Any CPU.Build.0 = Debug|Any CPU
		{32E26F62-137C-4E42-8ED7-53CF05EF14EE}.Release|Any CPU.ActiveCfg = Release|Any CPU
		{32E26F62-137C-4E42-8ED7-53CF05EF14EE}.Release|Any CPU.Build.0 = Release|Any CPU
	EndGlobalSection
	GlobalSection(SolutionProperties) = preSolution
		HideSolutionNode = FALSE
	EndGlobalSection
	GlobalSection(ExtensibilityGlobals) = postSolution
		SolutionGuid = {1A51A3E8-8C13-4C06-AEDB-0D75F6C87ACF}
	EndGlobalSection
EndGlobal
